
Microsoft Visual Studio Solution File, Format Version 12.00
# Visual Studio 2013
VisualStudioVersion = 12.0.31101.0
MinimumVisualStudioVersion = 10.0.40219.1
Project("{FAE04EC0-301F-11D3-BF4B-00C04F79EFBC}") = "Slicer", "Slicer\Slicer.csproj", "{6323148C-9A22-4910-9CA9-A6685B50844B}"
EndProject
Global
	GlobalSection(SolutionConfigurationPlatforms) = preSolution
		Debug|Any CPU = Debug|Any CPU
		Release|Any CPU = Release|Any CPU
	EndGlobalSection
	GlobalSection(ProjectConfigurationPlatforms) = postSolution
		{6323148C-9A22-4910-9CA9-A6685B50844B}.Debug|Any CPU.ActiveCfg = Debug|Any CPU
		{6323148C-9A22-4910-9CA9-A6685B50844B}.Debug|Any CPU.Build.0 = Debug|Any CPU
		{6323148C-9A22-4910-9CA9-A6685B50844B}.Release|Any CPU.ActiveCfg = Release|Any CPU
		{6323148C-9A22-4910-9CA9-A6685B50844B}.Release|Any CPU.Build.0 = Release|Any CPU
	EndGlobalSection
	GlobalSection(SolutionProperties) = preSolution
		HideSolutionNode = FALSE
	EndGlobalSection
EndGlobal
